
Microsoft Visual Studio Solution File, Format Version 12.00
# Visual Studio 15
VisualStudioVersion = 15.0.27703.2042
MinimumVisualStudioVersion = 10.0.40219.1
Project("{FAE04EC0-301F-11D3-BF4B-00C04F79EFBC}") = "Vector", "Vector\Vector.csproj", "{A62B827D-1A6C-4719-8A19-D80DA64AD221}"
EndProject
Global
	GlobalSection(SolutionConfigurationPlatforms) = preSolution
		Debug|Any CPU = Debug|Any CPU
		Release|Any CPU = Release|Any CPU
	EndGlobalSection
	GlobalSection(ProjectConfigurationPlatforms) = postSolution
		{A62B827D-1A6C-4719-8A19-D80DA64AD221}.Debug|Any CPU.ActiveCfg = Debug|Any CPU
		{A62B827D-1A6C-4719-8A19-D80DA64AD221}.Debug|Any CPU.Build.0 = Debug|Any CPU
		{A62B827D-1A6C-4719-8A19-D80DA64AD221}.Release|Any CPU.ActiveCfg = Release|Any CPU
		{A62B827D-1A6C-4719-8A19-D80DA64AD221}.Release|Any CPU.Build.0 = Release|Any CPU
	EndGlobalSection
	GlobalSection(SolutionProperties) = preSolution
		HideSolutionNode = FALSE
	EndGlobalSection
	GlobalSection(ExtensibilityGlobals) = postSolution
		SolutionGuid = {7AD11C4D-759C-418D-873D-C50275DDABE3}
	EndGlobalSection
EndGlobal
